
Microsoft Visual Studio Solution File, Format Version 12.00
# Visual Studio Version 17
VisualStudioVersion = 17.7.34031.279
MinimumVisualStudioVersion = 10.0.40219.1
Project("{FAE04EC0-301F-11D3-BF4B-00C04F79EFBC}") = "API", "API\API.csproj", "{DFE89B7C-C7DA-4CBC-923C-A02BAB2A7B7D}"
EndProject
Project("{FAE04EC0-301F-11D3-BF4B-00C04F79EFBC}") = "DataAccessLayer", "DataAccessLayer\DataAccessLayer.csproj", "{A4F19C86-9C20-4BF0-8D20-0536CD3F9AB5}"
EndProject
Project("{FAE04EC0-301F-11D3-BF4B-00C04F79EFBC}") = "BusinessLayer", "BusinessLayer\BusinessLayer.csproj", "{7AEB8626-0985-4A1A-B621-01B6130D9873}"
EndProject
Global
	GlobalSection(SolutionConfigurationPlatforms) = preSolution
		Debug|Any CPU = Debug|Any CPU
		Release|Any CPU = Release|Any CPU
	EndGlobalSection
	GlobalSection(ProjectConfigurationPlatforms) = postSolution
		{DFE89B7C-C7DA-4CBC-923C-A02BAB2A7B7D}.Debug|Any CPU.ActiveCfg = Debug|Any CPU
		{DFE89B7C-C7DA-4CBC-923C-A02BAB2A7B7D}.Debug|Any CPU.Build.0 = Debug|Any CPU
		{DFE89B7C-C7DA-4CBC-923C-A02BAB2A7B7D}.Release|Any CPU.ActiveCfg = Release|Any CPU
		{DFE89B7C-C7DA-4CBC-923C-A02BAB2A7B7D}.Release|Any CPU.Build.0 = Release|Any CPU
		{A4F19C86-9C20-4BF0-8D20-0536CD3F9AB5}.Debug|Any CPU.ActiveCfg = Debug|Any CPU
		{A4F19C86-9C20-4BF0-8D20-0536CD3F9AB5}.Debug|Any CPU.Build.0 = Debug|Any CPU
		{A4F19C86-9C20-4BF0-8D20-0536CD3F9AB5}.Release|Any CPU.ActiveCfg = Release|Any CPU
		{A4F19C86-9C20-4BF0-8D20-0536CD3F9AB5}.Release|Any CPU.Build.0 = Release|Any CPU
		{7AEB8626-0985-4A1A-B621-01B6130D9873}.Debug|Any CPU.ActiveCfg = Debug|Any CPU
		{7AEB8626-0985-4A1A-B621-01B6130D9873}.Debug|Any CPU.Build.0 = Debug|Any CPU
		{7AEB8626-0985-4A1A-B621-01B6130D9873}.Release|Any CPU.ActiveCfg = Release|Any CPU
		{7AEB8626-0985-4A1A-B621-01B6130D9873}.Release|Any CPU.Build.0 = Release|Any CPU
	EndGlobalSection
	GlobalSection(SolutionProperties) = preSolution
		HideSolutionNode = FALSE
	EndGlobalSection
	GlobalSection(ExtensibilityGlobals) = postSolution
		SolutionGuid = {491409B7-8500-468F-8B48-D531E186FCB7}
	EndGlobalSection
EndGlobal
